
Microsoft Visual Studio Solution File, Format Version 12.00
# Visual Studio Version 17
VisualStudioVersion = 17.4.33110.190
MinimumVisualStudioVersion = 10.0.40219.1
Project("{2150E333-8FDC-42A3-9474-1A3956D46DE8}") = "submodules", "submodules", "{7FB8202F-F717-4905-901E-761654AA22ED}"
EndProject
Project("{9A19103F-16F7-4668-BE54-9A1E7A4F7556}") = "bam.core", "submodules\bam.core\bam.core\bam.core.csproj", "{27760132-9172-4A0D-9F4A-7FC7AC4A3D12}"
EndProject
Project("{D954291E-2A0B-460D-934E-DC6B0785DB48}") = "bam.net.shared", "submodules\bam.core\submodules\bam.net.shared\bam.net.shared.shproj", "{22DA9F9E-A84F-47EE-A870-3CC845812606}"
EndProject
Project("{9A19103F-16F7-4668-BE54-9A1E7A4F7556}") = "bamserver", "bamserver\bamserver.csproj", "{26563A74-2EE3-409D-BA8C-0E7878276960}"
EndProject
Project("{9A19103F-16F7-4668-BE54-9A1E7A4F7556}") = "bamserver.unittests", "bamserver.unittests\bamserver.unittests.csproj", "{FBFF5598-FC82-4E8B-A51A-E4E647168431}"
EndProject
Global
	GlobalSection(SolutionConfigurationPlatforms) = preSolution
		Debug|Any CPU = Debug|Any CPU
		Release|Any CPU = Release|Any CPU
	EndGlobalSection
	GlobalSection(ProjectConfigurationPlatforms) = postSolution
		{27760132-9172-4A0D-9F4A-7FC7AC4A3D12}.Debug|Any CPU.ActiveCfg = Debug|Any CPU
		{27760132-9172-4A0D-9F4A-7FC7AC4A3D12}.Debug|Any CPU.Build.0 = Debug|Any CPU
		{27760132-9172-4A0D-9F4A-7FC7AC4A3D12}.Release|Any CPU.ActiveCfg = Release|Any CPU
		{27760132-9172-4A0D-9F4A-7FC7AC4A3D12}.Release|Any CPU.Build.0 = Release|Any CPU
		{26563A74-2EE3-409D-BA8C-0E7878276960}.Debug|Any CPU.ActiveCfg = Debug|Any CPU
		{26563A74-2EE3-409D-BA8C-0E7878276960}.Debug|Any CPU.Build.0 = Debug|Any CPU
		{26563A74-2EE3-409D-BA8C-0E7878276960}.Release|Any CPU.ActiveCfg = Release|Any CPU
		{26563A74-2EE3-409D-BA8C-0E7878276960}.Release|Any CPU.Build.0 = Release|Any CPU
		{FBFF5598-FC82-4E8B-A51A-E4E647168431}.Debug|Any CPU.ActiveCfg = Debug|Any CPU
		{FBFF5598-FC82-4E8B-A51A-E4E647168431}.Debug|Any CPU.Build.0 = Debug|Any CPU
		{FBFF5598-FC82-4E8B-A51A-E4E647168431}.Release|Any CPU.ActiveCfg = Release|Any CPU
		{FBFF5598-FC82-4E8B-A51A-E4E647168431}.Release|Any CPU.Build.0 = Release|Any CPU
	EndGlobalSection
	GlobalSection(SolutionProperties) = preSolution
		HideSolutionNode = FALSE
	EndGlobalSection
	GlobalSection(NestedProjects) = preSolution
		{27760132-9172-4A0D-9F4A-7FC7AC4A3D12} = {7FB8202F-F717-4905-901E-761654AA22ED}
		{22DA9F9E-A84F-47EE-A870-3CC845812606} = {7FB8202F-F717-4905-901E-761654AA22ED}
	EndGlobalSection
	GlobalSection(ExtensibilityGlobals) = postSolution
		SolutionGuid = {3B3BD0D7-74D9-4910-9419-B4613B204B85}
	EndGlobalSection
	GlobalSection(SharedMSBuildProjectFiles) = preSolution
		submodules\bam.core\submodules\bam.net.shared\bam.net.shared.projitems*{22da9f9e-a84f-47ee-a870-3cc845812606}*SharedItemsImports = 13
		submodules\bam.core\submodules\bam.net.shared\bam.net.shared.projitems*{27760132-9172-4a0d-9f4a-7fc7ac4a3d12}*SharedItemsImports = 5
	EndGlobalSection
EndGlobal
